// !$*UTF8*$!
{
	archiveVersion = 1;
	classes = {
	};
	objectVersion = 48;
	objects = {

/* Begin PBXBuildFile section */
		55368F892022604200B60DDC /* Player.swift in Sources */ = {isa = PBXBuildFile; fileRef = 55368F882022604200B60DDC /* Player.swift */; };
		557C1430201E5B4700794D56 /* LeagueVC.swift in Sources */ = {isa = PBXBuildFile; fileRef = 557C142F201E5B4700794D56 /* LeagueVC.swift */; };
		557C1432201E5B5A00794D56 /* SkillVC.swift in Sources */ = {isa = PBXBuildFile; fileRef = 557C1431201E5B5A00794D56 /* SkillVC.swift */; };
		55FDD5FA2017EBD500A7F401 /* AppDelegate.swift in Sources */ = {isa = PBXBuildFile; fileRef = 55FDD5F92017EBD500A7F401 /* AppDelegate.swift */; };
		55FDD5FC2017EBD500A7F401 /* WelcomeVC.swift in Sources */ = {isa = PBXBuildFile; fileRef = 55FDD5FB2017EBD500A7F401 /* WelcomeVC.swift */; };
		55FDD5FF2017EBD500A7F401 /* Main.storyboard in Resources */ = {isa = PBXBuildFile; fileRef = 55FDD5FD2017EBD500A7F401 /* Main.storyboard */; };
		55FDD6012017EBD500A7F401 /* Assets.xcassets in Resources */ = {isa = PBXBuildFile; fileRef = 55FDD6002017EBD500A7F401 /* Assets.xcassets */; };
		55FDD6042017EBD500A7F401 /* LaunchScreen.storyboard in Resources */ = {isa = PBXBuildFile; fileRef = 55FDD6022017EBD500A7F401 /* LaunchScreen.storyboard */; };
		55FDD60D2017F2D400A7F401 /* BorderButton.swift in Sources */ = {isa = PBXBuildFile; fileRef = 55FDD60C2017F2D400A7F401 /* BorderButton.swift */; };
/* End PBXBuildFile section */

/* Begin PBXFileReference section */
		55368F882022604200B60DDC /* Player.swift */ = {isa = PBXFileReference; lastKnownFileType = sourcecode.swift; path = Player.swift; sourceTree = "<group>"; };
		557C142F201E5B4700794D56 /* LeagueVC.swift */ = {isa = PBXFileReference; lastKnownFileType = sourcecode.swift; path = LeagueVC.swift; sourceTree = "<group>"; };
		557C1431201E5B5A00794D56 /* SkillVC.swift */ = {isa = PBXFileReference; lastKnownFileType = sourcecode.swift; path = SkillVC.swift; sourceTree = "<group>"; };
		55FDD5F62017EBD500A7F401 /* app-swoosh.app */ = {isa = PBXFileReference; explicitFileType = wrapper.application; includeInIndex = 0; path = "app-swoosh.app"; sourceTree = BUILT_PRODUCTS_DIR; };
		55FDD5F92017EBD500A7F401 /* AppDelegate.swift */ = {isa = PBXFileReference; lastKnownFileType = sourcecode.swift; path = AppDelegate.swift; sourceTree = "<group>"; };
		55FDD5FB2017EBD500A7F401 /* WelcomeVC.swift */ = {isa = PBXFileReference; lastKnownFileType = sourcecode.swift; path = WelcomeVC.swift; sourceTree = "<group>"; };
		55FDD5FE2017EBD500A7F401 /* Base */ = {isa = PBXFileReference; lastKnownFileType = file.storyboard; name = Base; path = Base.lproj/Main.storyboard; sourceTree = "<group>"; };
		55FDD6002017EBD500A7F401 /* Assets.xcassets */ = {isa = PBXFileReference; lastKnownFileType = folder.assetcatalog; path = Assets.xcassets; sourceTree = "<group>"; };
		55FDD6032017EBD500A7F401 /* Base */ = {isa = PBXFileReference; lastKnownFileType = file.storyboard; name = Base; path = Base.lproj/LaunchScreen.storyboard; sourceTree = "<group>"; };
		55FDD6052017EBD500A7F401 /* Info.plist */ = {isa = PBXFileReference; lastKnownFileType = text.plist.xml; path = Info.plist; sourceTree = "<group>"; };
		55FDD60C2017F2D400A7F401 /* BorderButton.swift */ = {isa = PBXFileReference; lastKnownFileType = sourcecode.swift; path = BorderButton.swift; sourceTree = "<group>"; };
/* End PBXFileReference section */

/* Begin PBXFrameworksBuildPhase section */
		55FDD5F32017EBD500A7F401 /* Frameworks */ = {
			isa = PBXFrameworksBuildPhase;
			buildActionMask = 2147483647;
			files = (
			);
			runOnlyForDeploymentPostprocessing = 0;
		};
/* End PBXFrameworksBuildPhase section */

/* Begin PBXGroup section */
		557C142D201E5A6700794D56 /* Controller */ = {
			isa = PBXGroup;
			children = (
				55FDD5FB2017EBD500A7F401 /* WelcomeVC.swift */,
				557C142F201E5B4700794D56 /* LeagueVC.swift */,
				557C1431201E5B5A00794D56 /* SkillVC.swift */,
			);
			path = Controller;
			sourceTree = "<group>";
		};
		557C142E201E5A6F00794D56 /* Model */ = {
			isa = PBXGroup;
			children = (
				55368F882022604200B60DDC /* Player.swift */,
			);
			path = Model;
			sourceTree = "<group>";
		};
		55FDD5ED2017EBD500A7F401 = {
			isa = PBXGroup;
			children = (
				55FDD5F82017EBD500A7F401 /* app-swoosh */,
				55FDD5F72017EBD500A7F401 /* Products */,
			);
			sourceTree = "<group>";
		};
		55FDD5F72017EBD500A7F401 /* Products */ = {
			isa = PBXGroup;
			children = (
				55FDD5F62017EBD500A7F401 /* app-swoosh.app */,
			);
			name = Products;
			sourceTree = "<group>";
		};
		55FDD5F82017EBD500A7F401 /* app-swoosh */ = {
			isa = PBXGroup;
			children = (
				557C142E201E5A6F00794D56 /* Model */,
				557C142D201E5A6700794D56 /* Controller */,
				55FDD60B2017F1EB00A7F401 /* View */,
				55FDD5F92017EBD500A7F401 /* AppDelegate.swift */,
				55FDD5FD2017EBD500A7F401 /* Main.storyboard */,
				55FDD6002017EBD500A7F401 /* Assets.xcassets */,
				55FDD6022017EBD500A7F401 /* LaunchScreen.storyboard */,
				55FDD6052017EBD500A7F401 /* Info.plist */,
			);
			path = "app-swoosh";
			sourceTree = "<group>";
		};
		55FDD60B2017F1EB00A7F401 /* View */ = {
			isa = PBXGroup;
			children = (
				55FDD60C2017F2D400A7F401 /* BorderButton.swift */,
			);
			path = View;
			sourceTree = "<group>";
		};
/* End PBXGroup section */

/* Begin PBXNativeTarget section */
		55FDD5F52017EBD500A7F401 /* app-swoosh */ = {
			isa = PBXNativeTarget;
			buildConfigurationList = 55FDD6082017EBD500A7F401 /* Build configuration list for PBXNativeTarget "app-swoosh" */;
			buildPhases = (
				55FDD5F22017EBD500A7F401 /* Sources */,
				55FDD5F32017EBD500A7F401 /* Frameworks */,
				55FDD5F42017EBD500A7F401 /* Resources */,
			);
			buildRules = (
			);
			dependencies = (
			);
			name = "app-swoosh";
			productName = "app-swoosh";
			productReference = 55FDD5F62017EBD500A7F401 /* app-swoosh.app */;
			productType = "com.apple.product-type.application";
		};
/* End PBXNativeTarget section */

/* Begin PBXProject section */
		55FDD5EE2017EBD500A7F401 /* Project object */ = {
			isa = PBXProject;
			attributes = {
				LastSwiftUpdateCheck = 0900;
				LastUpgradeCheck = 0900;
				ORGANIZATIONNAME = "Robert Desjardins";
				TargetAttributes = {
					55FDD5F52017EBD500A7F401 = {
						CreatedOnToolsVersion = 9.0.1;
						ProvisioningStyle = Automatic;
					};
				};
			};
			buildConfigurationList = 55FDD5F12017EBD500A7F401 /* Build configuration list for PBXProject "app-swoosh" */;
			compatibilityVersion = "Xcode 8.0";
			developmentRegion = en;
			hasScannedForEncodings = 0;
			knownRegions = (
				en,
				Base,
			);
			mainGroup = 55FDD5ED2017EBD500A7F401;
			productRefGroup = 55FDD5F72017EBD500A7F401 /* Products */;
			projectDirPath = "";
			projectRoot = "";
			targets = (
				55FDD5F52017EBD500A7F401 /* app-swoosh */,
			);
		};
/* End PBXProject section */

/* Begin PBXResourcesBuildPhase section */
		55FDD5F42017EBD500A7F401 /* Resources */ = {
			isa = PBXResourcesBuildPhase;
			buildActionMask = 2147483647;
			files = (
				55FDD6042017EBD500A7F401 /* LaunchScreen.storyboard in Resources */,
				55FDD6012017EBD500A7F401 /* Assets.xcassets in Resources */,
				55FDD5FF2017EBD500A7F401 /* Main.storyboard in Resources */,
			);
			runOnlyForDeploymentPostprocessing = 0;
		};
/* End PBXResourcesBuildPhase section */

/* Begin PBXSourcesBuildPhase section */
		55FDD5F22017EBD500A7F401 /* Sources */ = {
			isa = PBXSourcesBuildPhase;
			buildActionMask = 2147483647;
			files = (
				55FDD5FC2017EBD500A7F401 /* WelcomeVC.swift in Sources */,
				557C1430201E5B4700794D56 /* LeagueVC.swift in Sources */,
				55FDD5FA2017EBD500A7F401 /* AppDelegate.swift in Sources */,
				557C1432201E5B5A00794D56 /* SkillVC.swift in Sources */,
				55368F892022604200B60DDC /* Player.swift in Sources */,
				55FDD60D2017F2D400A7F401 /* BorderButton.swift in Sources */,
			);
			runOnlyForDeploymentPostprocessing = 0;
		};
/* End PBXSourcesBuildPhase section */

/* Begin PBXVariantGroup section */
		55FDD5FD2017EBD500A7F401 /* Main.storyboard */ = {
			isa = PBXVariantGroup;
			children = (
				55FDD5FE2017EBD500A7F401 /* Base */,
			);
			name = Main.storyboard;
			sourceTree = "<group>";
		};
		55FDD6022017EBD500A7F401 /* LaunchScreen.storyboard */ = {
			isa = PBXVariantGroup;
			children = (
				55FDD6032017EBD500A7F401 /* Base */,
			);
			name = LaunchScreen.storyboard;
			sourceTree = "<group>";
		};
/* End PBXVariantGroup section */

/* Begin XCBuildConfiguration section */
		55FDD6062017EBD500A7F401 /* Debug */ = {
			isa = XCBuildConfiguration;
			buildSettings = {
				ALWAYS_SEARCH_USER_PATHS = NO;
				CLANG_ANALYZER_NONNULL = YES;
				CLANG_ANALYZER_NUMBER_OBJECT_CONVERSION = YES_AGGRESSIVE;
				CLANG_CXX_LANGUAGE_STANDARD = "gnu++14";
				CLANG_CXX_LIBRARY = "libc++";
				CLANG_ENABLE_MODULES = YES;
				CLANG_ENABLE_OBJC_ARC = YES;
				CLANG_WARN_BLOCK_CAPTURE_AUTORELEASING = YES;
				CLANG_WARN_BOOL_CONVERSION = YES;
				CLANG_WARN_COMMA = YES;
				CLANG_WARN_CONSTANT_CONVERSION = YES;
				CLANG_WARN_DIRECT_OBJC_ISA_USAGE = YES_ERROR;
				CLANG_WARN_DOCUMENTATION_COMMENTS = YES;
				CLANG_WARN_EMPTY_BODY = YES;
				CLANG_WARN_ENUM_CONVERSION = YES;
				CLANG_WARN_INFINITE_RECURSION = YES;
				CLANG_WARN_INT_CONVERSION = YES;
				CLANG_WARN_NON_LITERAL_NULL_CONVERSION = YES;
				CLANG_WARN_OBJC_LITERAL_CONVERSION = YES;
				CLANG_WARN_OBJC_ROOT_CLASS = YES_ERROR;
				CLANG_WARN_RANGE_LOOP_ANALYSIS = YES;
				CLANG_WARN_STRICT_PROTOTYPES = YES;
				CLANG_WARN_SUSPICIOUS_MOVE = YES;
				CLANG_WARN_UNGUARDED_AVAILABILITY = YES_AGGRESSIVE;
				CLANG_WARN_UNREACHABLE_CODE = YES;
				CLANG_WARN__DUPLICATE_METHOD_MATCH = YES;
				CODE_SIGN_IDENTITY = "iPhone Developer";
				COPY_PHASE_STRIP = NO;
				DEBUG_INFORMATION_FORMAT = dwarf;
				ENABLE_STRICT_OBJC_MSGSEND = YES;
				ENABLE_TESTABILITY = YES;
				GCC_C_LANGUAGE_STANDARD = gnu11;
				GCC_DYNAMIC_NO_PIC = NO;
				GCC_NO_COMMON_BLOCKS = YES;
				GCC_OPTIMIZATION_LEVEL = 0;
				GCC_PREPROCESSOR_DEFINITIONS = (
					"DEBUG=1",
					"$(inherited)",
				);
				GCC_WARN_64_TO_32_BIT_CONVERSION = YES;
				GCC_WARN_ABOUT_RETURN_TYPE = YES_ERROR;
				GCC_WARN_UNDECLARED_SELECTOR = YES;
				GCC_WARN_UNINITIALIZED_AUTOS = YES_AGGRESSIVE;
				GCC_WARN_UNUSED_FUNCTION = YES;
				GCC_WARN_UNUSED_VARIABLE = YES;
				IPHONEOS_DEPLOYMENT_TARGET = 11.0;
				MTL_ENABLE_DEBUG_INFO = YES;
				ONLY_ACTIVE_ARCH = YES;
				SDKROOT = iphoneos;
				SWIFT_ACTIVE_COMPILATION_CONDITIONS = DEBUG;
				SWIFT_OPTIMIZATION_LEVEL = "-Onone";
			};
			name = Debug;
		};
		55FDD6072017EBD500A7F401 /* Release */ = {
			isa = XCBuildConfiguration;
			buildSettings = {
				ALWAYS_SEARCH_USER_PATHS = NO;
				CLANG_ANALYZER_NONNULL = YES;
				CLANG_ANALYZER_NUMBER_OBJECT_CONVERSION = YES_AGGRESSIVE;
				CLANG_CXX_LANGUAGE_STANDARD = "gnu++14";
				CLANG_CXX_LIBRARY = "libc++";
				CLANG_ENABLE_MODULES = YES;
				CLANG_ENABLE_OBJC_ARC = YES;
				CLANG_WARN_BLOCK_CAPTURE_AUTORELEASING = YES;
				CLANG_WARN_BOOL_CONVERSION = YES;
				CLANG_WARN_COMMA = YES;
				CLANG_WARN_CONSTANT_CONVERSION = YES;
				CLANG_WARN_DIRECT_OBJC_ISA_USAGE = YES_ERROR;
				CLANG_WARN_DOCUMENTATION_COMMENTS = YES;
				CLANG_WARN_EMPTY_BODY = YES;
				CLANG_WARN_ENUM_CONVERSION = YES;
				CLANG_WARN_INFINITE_RECURSION = YES;
				CLANG_WARN_INT_CONVERSION = YES;
				CLANG_WARN_NON_LITERAL_NULL_CONVERSION = YES;
				CLANG_WARN_OBJC_LITERAL_CONVERSION = YES;
				CLANG_WARN_OBJC_ROOT_CLASS = YES_ERROR;
				CLANG_WARN_RANGE_LOOP_ANALYSIS = YES;
				CLANG_WARN_STRICT_PROTOTYPES = YES;
				CLANG_WARN_SUSPICIOUS_MOVE = YES;
				CLANG_WARN_UNGUARDED_AVAILABILITY = YES_AGGRESSIVE;
				CLANG_WARN_UNREACHABLE_CODE = YES;
				CLANG_WARN__DUPLICATE_METHOD_MATCH = YES;
				CODE_SIGN_IDENTITY = "iPhone Developer";
				COPY_PHASE_STRIP = NO;
				DEBUG_INFORMATION_FORMAT = "dwarf-with-dsym";
				ENABLE_NS_ASSERTIONS = NO;
				ENABLE_STRICT_OBJC_MSGSEND = YES;
				GCC_C_LANGUAGE_STANDARD = gnu11;
				GCC_NO_COMMON_BLOCKS = YES;
				GCC_WARN_64_TO_32_BIT_CONVERSION = YES;
				GCC_WARN_ABOUT_RETURN_TYPE = YES_ERROR;
				GCC_WARN_UNDECLARED_SELECTOR = YES;
				GCC_WARN_UNINITIALIZED_AUTOS = YES_AGGRESSIVE;
				GCC_WARN_UNUSED_FUNCTION = YES;
				GCC_WARN_UNUSED_VARIABLE = YES;
				IPHONEOS_DEPLOYMENT_TARGET = 11.0;
				MTL_ENABLE_DEBUG_INFO = NO;
				SDKROOT = iphoneos;
				SWIFT_OPTIMIZATION_LEVEL = "-Owholemodule";
				VALIDATE_PRODUCT = YES;
			};
			name = Release;
		};
		55FDD6092017EBD500A7F401 /* Debug */ = {
			isa = XCBuildConfiguration;
			buildSettings = {
				ASSETCATALOG_COMPILER_APPICON_NAME = AppIcon;
				CODE_SIGN_STYLE = Automatic;
				INFOPLIST_FILE = "app-swoosh/Info.plist";
				LD_RUNPATH_SEARCH_PATHS = "$(inherited) @executable_path/Frameworks";
				PRODUCT_BUNDLE_IDENTIFIER = "Robert-Desjardins.app-swoosh";
				PRODUCT_NAME = "$(TARGET_NAME)";
				SWIFT_VERSION = 4.0;
				TARGETED_DEVICE_FAMILY = "1,2";
			};
			name = Debug;
		};
		55FDD60A2017EBD500A7F401 /* Release */ = {
			isa = XCBuildConfiguration;
			buildSettings = {
				ASSETCATALOG_COMPILER_APPICON_NAME = AppIcon;
				CODE_SIGN_STYLE = Automatic;
				INFOPLIST_FILE = "app-swoosh/Info.plist";
				LD_RUNPATH_SEARCH_PATHS = "$(inherited) @executable_path/Frameworks";
				PRODUCT_BUNDLE_IDENTIFIER = "Robert-Desjardins.app-swoosh";
				PRODUCT_NAME = "$(TARGET_NAME)";
				SWIFT_VERSION = 4.0;
				TARGETED_DEVICE_FAMILY = "1,2";
			};
			name = Release;
		};
/* End XCBuildConfiguration section */

/* Begin XCConfigurationList section */
		55FDD5F12017EBD500A7F401 /* Build configuration list for PBXProject "app-swoosh" */ = {
			isa = XCConfigurationList;
			buildConfigurations = (
				55FDD6062017EBD500A7F401 /* Debug */,
				55FDD6072017EBD500A7F401 /* Release */,
			);
			defaultConfigurationIsVisible = 0;
			defaultConfigurationName = Release;
		};
		55FDD6082017EBD500A7F401 /* Build configuration list for PBXNativeTarget "app-swoosh" */ = {
			isa = XCConfigurationList;
			buildConfigurations = (
				55FDD6092017EBD500A7F401 /* Debug */,
				55FDD60A2017EBD500A7F401 /* Release */,
			);
			defaultConfigurationIsVisible = 0;
			defaultConfigurationName = Release;
		};
/* End XCConfigurationList section */
	};
	rootObject = 55FDD5EE2017EBD500A7F401 /* Project object */;
}
